
Microsoft Visual Studio Solution File, Format Version 12.00
# Visual Studio 15
VisualStudioVersion = 15.0.26730.12
MinimumVisualStudioVersion = 10.0.40219.1
Project("{FAE04EC0-301F-11D3-BF4B-00C04F79EFBC}") = "PLINQ", "PLINQ\PLINQ.csproj", "{D5022B1B-87DC-4404-8726-8443FCBEBE91}"
EndProject
Global
	GlobalSection(SolutionConfigurationPlatforms) = preSolution
		Debug|Any CPU = Debug|Any CPU
		Release|Any CPU = Release|Any CPU
	EndGlobalSection
	GlobalSection(ProjectConfigurationPlatforms) = postSolution
		{D5022B1B-87DC-4404-8726-8443FCBEBE91}.Debug|Any CPU.ActiveCfg = Debug|Any CPU
		{D5022B1B-87DC-4404-8726-8443FCBEBE91}.Debug|Any CPU.Build.0 = Debug|Any CPU
		{D5022B1B-87DC-4404-8726-8443FCBEBE91}.Release|Any CPU.ActiveCfg = Release|Any CPU
		{D5022B1B-87DC-4404-8726-8443FCBEBE91}.Release|Any CPU.Build.0 = Release|Any CPU
	EndGlobalSection
	GlobalSection(SolutionProperties) = preSolution
		HideSolutionNode = FALSE
	EndGlobalSection
	GlobalSection(ExtensibilityGlobals) = postSolution
		SolutionGuid = {6CE8799B-0FEB-4E69-AE30-9596457CE021}
	EndGlobalSection
EndGlobal
